{
  "meteor": {},
  "dependencies": {
    "basePackages": {
      "iron-router": {},
      "filepicker": {},
      "ngMeteor": {}
    },
    "packages": {
      "iron-router": {
        "git": "https://github.com/EventedMind/iron-router.git",
        "tag": "v0.6.2",
        "commit": "ce56e58b45624dce992490f3a1c10f10d3948bae"
      },
      "filepicker": {
        "git": "https://github.com/Ink/meteor.git",
        "tag": "v0.4.0",
        "commit": "20d56aaaf48be3a5c0499547a495a6463b4fa3d9"
      },
      "ngMeteor": {
        "git": "https://github.com/loneleeandroo/ngMeteor.git",
        "tag": "v0.1.5",
        "commit": "370af86ae1911da9aaaa6a4a77fd96ad9411cff0"
      }
    }
  }
}
